
Microsoft Visual Studio Solution File, Format Version 12.00
# Visual Studio Version 16
VisualStudioVersion = 16.0.31911.196
MinimumVisualStudioVersion = 10.0.40219.1
Project("{9A19103F-16F7-4668-BE54-9A1E7A4F7556}") = "TypographyView", "TypographyView\TypographyView.csproj", "{B1562C59-ABFD-459B-B7EF-DDD4196FAC5D}"
EndProject
Project("{9A19103F-16F7-4668-BE54-9A1E7A4F7556}") = "TypographyContracts", "TypographyContracts\TypographyContracts.csproj", "{6C1711CD-6BFC-495C-A43D-C880604EB2D7}"
EndProject
Project("{FAE04EC0-301F-11D3-BF4B-00C04F79EFBC}") = "TypographyBusinessLogic", "TypographyBusinessLogic\TypographyBusinessLogic.csproj", "{F7092ED0-E1B9-4C77-8267-C32C792A147E}"
EndProject
Project("{FAE04EC0-301F-11D3-BF4B-00C04F79EFBC}") = "TypographyListImplement", "TypographyListImplement\TypographyListImplement.csproj", "{8CABE647-3549-421D-BBE4-54F75DA01309}"
EndProject
Global
	GlobalSection(SolutionConfigurationPlatforms) = preSolution
		Debug|Any CPU = Debug|Any CPU
		Release|Any CPU = Release|Any CPU
	EndGlobalSection
	GlobalSection(ProjectConfigurationPlatforms) = postSolution
		{B1562C59-ABFD-459B-B7EF-DDD4196FAC5D}.Debug|Any CPU.ActiveCfg = Debug|Any CPU
		{B1562C59-ABFD-459B-B7EF-DDD4196FAC5D}.Debug|Any CPU.Build.0 = Debug|Any CPU
		{B1562C59-ABFD-459B-B7EF-DDD4196FAC5D}.Release|Any CPU.ActiveCfg = Release|Any CPU
		{B1562C59-ABFD-459B-B7EF-DDD4196FAC5D}.Release|Any CPU.Build.0 = Release|Any CPU
		{6C1711CD-6BFC-495C-A43D-C880604EB2D7}.Debug|Any CPU.ActiveCfg = Debug|Any CPU
		{6C1711CD-6BFC-495C-A43D-C880604EB2D7}.Debug|Any CPU.Build.0 = Debug|Any CPU
		{6C1711CD-6BFC-495C-A43D-C880604EB2D7}.Release|Any CPU.ActiveCfg = Release|Any CPU
		{6C1711CD-6BFC-495C-A43D-C880604EB2D7}.Release|Any CPU.Build.0 = Release|Any CPU
		{F7092ED0-E1B9-4C77-8267-C32C792A147E}.Debug|Any CPU.ActiveCfg = Debug|Any CPU
		{F7092ED0-E1B9-4C77-8267-C32C792A147E}.Debug|Any CPU.Build.0 = Debug|Any CPU
		{F7092ED0-E1B9-4C77-8267-C32C792A147E}.Release|Any CPU.ActiveCfg = Release|Any CPU
		{F7092ED0-E1B9-4C77-8267-C32C792A147E}.Release|Any CPU.Build.0 = Release|Any CPU
		{8CABE647-3549-421D-BBE4-54F75DA01309}.Debug|Any CPU.ActiveCfg = Debug|Any CPU
		{8CABE647-3549-421D-BBE4-54F75DA01309}.Debug|Any CPU.Build.0 = Debug|Any CPU
		{8CABE647-3549-421D-BBE4-54F75DA01309}.Release|Any CPU.ActiveCfg = Release|Any CPU
		{8CABE647-3549-421D-BBE4-54F75DA01309}.Release|Any CPU.Build.0 = Release|Any CPU
	EndGlobalSection
	GlobalSection(SolutionProperties) = preSolution
		HideSolutionNode = FALSE
	EndGlobalSection
	GlobalSection(ExtensibilityGlobals) = postSolution
		SolutionGuid = {5D5C6C68-13D0-4A1F-9B71-D93AF8B1C785}
	EndGlobalSection
EndGlobal
